
Microsoft Visual Studio Solution File, Format Version 12.00
Project("{FAE04EC0-301F-11D3-BF4B-00C04F79EFBC}") = "DicProcessor", "DicProcessor\DicProcessor.csproj", "{144D5C54-D156-45A8-83BE-C512031D3520}"
EndProject
Project("{FAE04EC0-301F-11D3-BF4B-00C04F79EFBC}") = "DicModels", "DicModels\DicModels.csproj", "{38F5D571-82EA-4269-A227-B0A89313F4B9}"
EndProject
Global
	GlobalSection(SolutionConfigurationPlatforms) = preSolution
		Debug|Any CPU = Debug|Any CPU
		Release|Any CPU = Release|Any CPU
	EndGlobalSection
	GlobalSection(ProjectConfigurationPlatforms) = postSolution
		{144D5C54-D156-45A8-83BE-C512031D3520}.Debug|Any CPU.ActiveCfg = Debug|Any CPU
		{144D5C54-D156-45A8-83BE-C512031D3520}.Debug|Any CPU.Build.0 = Debug|Any CPU
		{144D5C54-D156-45A8-83BE-C512031D3520}.Release|Any CPU.ActiveCfg = Release|Any CPU
		{144D5C54-D156-45A8-83BE-C512031D3520}.Release|Any CPU.Build.0 = Release|Any CPU
		{38F5D571-82EA-4269-A227-B0A89313F4B9}.Debug|Any CPU.ActiveCfg = Debug|Any CPU
		{38F5D571-82EA-4269-A227-B0A89313F4B9}.Debug|Any CPU.Build.0 = Debug|Any CPU
		{38F5D571-82EA-4269-A227-B0A89313F4B9}.Release|Any CPU.ActiveCfg = Release|Any CPU
		{38F5D571-82EA-4269-A227-B0A89313F4B9}.Release|Any CPU.Build.0 = Release|Any CPU
	EndGlobalSection
EndGlobal
